
Microsoft Visual Studio Solution File, Format Version 12.00
# Visual Studio Version 16
VisualStudioVersion = 16.0.29709.97
MinimumVisualStudioVersion = 10.0.40219.1
Project("{2150E333-8FDC-42A3-9474-1A3956D46DE8}") = "Microservices", "Microservices", "{CD6D65B7-01A9-4F74-935F-3430AA967B5E}"
EndProject
Project("{2150E333-8FDC-42A3-9474-1A3956D46DE8}") = "Cart", "Cart", "{246CF458-4C68-4BFC-BE92-8D5EED1C5599}"
EndProject
Project("{FAE04EC0-301F-11D3-BF4B-00C04F79EFBC}") = "Cart.Api", "Cart.Api\Cart.Api.csproj", "{2BF3EEBD-654B-4BD9-A2EE-A117BF8A7588}"
EndProject
Project("{FAE04EC0-301F-11D3-BF4B-00C04F79EFBC}") = "Cart.Application", "Cart.Application\Cart.Application.csproj", "{4AF70B91-3327-4FF5-947E-602D0CE41C9F}"
EndProject
Project("{FAE04EC0-301F-11D3-BF4B-00C04F79EFBC}") = "Cart.Data", "Cart.Data\Cart.Data.csproj", "{F13B9F22-B2C1-4F3D-B59E-2793DDF4A511}"
EndProject
Project("{FAE04EC0-301F-11D3-BF4B-00C04F79EFBC}") = "Cart.Domain", "Cart.Domain\Cart.Domain.csproj", "{C22EC195-9CF8-4577-958A-C8A35F9D206E}"
EndProject
Project("{2150E333-8FDC-42A3-9474-1A3956D46DE8}") = "Order", "Order", "{098C06A2-87B8-4232-A75C-717481EE50E2}"
EndProject
Project("{FAE04EC0-301F-11D3-BF4B-00C04F79EFBC}") = "Order.Api", "Order.Api\Order.Api.csproj", "{DD70F903-290A-4BA8-AB01-A4B64B5A4ED2}"
EndProject
Project("{FAE04EC0-301F-11D3-BF4B-00C04F79EFBC}") = "Order.Application", "Order.Application\Order.Application.csproj", "{7CE71650-C95B-46CC-90E9-A496B32E6DB3}"
EndProject
Project("{FAE04EC0-301F-11D3-BF4B-00C04F79EFBC}") = "Order.Data", "Order.Data\Order.Data.csproj", "{DA7A8724-E15A-4894-B8E2-A955153AC27B}"
EndProject
Project("{FAE04EC0-301F-11D3-BF4B-00C04F79EFBC}") = "Order.Domain", "Order.Domain\Order.Domain.csproj", "{E08A1284-B810-4DCA-AA12-2B3D487CF23F}"
EndProject
Project("{2150E333-8FDC-42A3-9474-1A3956D46DE8}") = "Product", "Product", "{B36A1B5F-EC77-4070-BB87-DD92F38F5354}"
EndProject
Project("{FAE04EC0-301F-11D3-BF4B-00C04F79EFBC}") = "Product.Api", "Product.Api\Product.Api.csproj", "{1D8020DA-683D-461D-9A4C-1178844F8AEE}"
EndProject
Project("{FAE04EC0-301F-11D3-BF4B-00C04F79EFBC}") = "Product.Application", "Product.Application\Product.Application.csproj", "{B93310F6-6DC0-4BEC-9FF6-61DA101BC58A}"
EndProject
Project("{FAE04EC0-301F-11D3-BF4B-00C04F79EFBC}") = "Product.Data", "Product.Data\Product.Data.csproj", "{146F9B5E-32F9-47A4-AF6B-11723DF22929}"
EndProject
Project("{FAE04EC0-301F-11D3-BF4B-00C04F79EFBC}") = "Product.Domain", "Product.Domain\Product.Domain.csproj", "{B8EC174F-2C5E-449D-8827-05F719E80BA8}"
EndProject
Project("{2150E333-8FDC-42A3-9474-1A3956D46DE8}") = "User", "User", "{E3B9274E-CFA7-4E7F-90D9-782C99ED2E60}"
EndProject
Project("{FAE04EC0-301F-11D3-BF4B-00C04F79EFBC}") = "User.Api", "User.Api\User.Api.csproj", "{7E01C17A-4D2E-4E6B-9DBA-B2216CD763D2}"
EndProject
Project("{FAE04EC0-301F-11D3-BF4B-00C04F79EFBC}") = "User.Application", "User.Application\User.Application.csproj", "{7E456C9D-0E72-4AF8-B995-373F8BEAEECC}"
EndProject
Project("{FAE04EC0-301F-11D3-BF4B-00C04F79EFBC}") = "User.Data", "User.Data\User.Data.csproj", "{600CF0B9-782D-4B22-88CA-776DF4E6419F}"
EndProject
Project("{FAE04EC0-301F-11D3-BF4B-00C04F79EFBC}") = "User.Domain", "User.Domain\User.Domain.csproj", "{07204A50-E31E-46C1-AA6C-4F5FCA567EB9}"
EndProject
Global
	GlobalSection(SolutionConfigurationPlatforms) = preSolution
		Debug|Any CPU = Debug|Any CPU
		Release|Any CPU = Release|Any CPU
	EndGlobalSection
	GlobalSection(ProjectConfigurationPlatforms) = postSolution
		{2BF3EEBD-654B-4BD9-A2EE-A117BF8A7588}.Debug|Any CPU.ActiveCfg = Debug|Any CPU
		{2BF3EEBD-654B-4BD9-A2EE-A117BF8A7588}.Debug|Any CPU.Build.0 = Debug|Any CPU
		{2BF3EEBD-654B-4BD9-A2EE-A117BF8A7588}.Release|Any CPU.ActiveCfg = Release|Any CPU
		{2BF3EEBD-654B-4BD9-A2EE-A117BF8A7588}.Release|Any CPU.Build.0 = Release|Any CPU
		{4AF70B91-3327-4FF5-947E-602D0CE41C9F}.Debug|Any CPU.ActiveCfg = Debug|Any CPU
		{4AF70B91-3327-4FF5-947E-602D0CE41C9F}.Debug|Any CPU.Build.0 = Debug|Any CPU
		{4AF70B91-3327-4FF5-947E-602D0CE41C9F}.Release|Any CPU.ActiveCfg = Release|Any CPU
		{4AF70B91-3327-4FF5-947E-602D0CE41C9F}.Release|Any CPU.Build.0 = Release|Any CPU
		{F13B9F22-B2C1-4F3D-B59E-2793DDF4A511}.Debug|Any CPU.ActiveCfg = Debug|Any CPU
		{F13B9F22-B2C1-4F3D-B59E-2793DDF4A511}.Debug|Any CPU.Build.0 = Debug|Any CPU
		{F13B9F22-B2C1-4F3D-B59E-2793DDF4A511}.Release|Any CPU.ActiveCfg = Release|Any CPU
		{F13B9F22-B2C1-4F3D-B59E-2793DDF4A511}.Release|Any CPU.Build.0 = Release|Any CPU
		{C22EC195-9CF8-4577-958A-C8A35F9D206E}.Debug|Any CPU.ActiveCfg = Debug|Any CPU
		{C22EC195-9CF8-4577-958A-C8A35F9D206E}.Debug|Any CPU.Build.0 = Debug|Any CPU
		{C22EC195-9CF8-4577-958A-C8A35F9D206E}.Release|Any CPU.ActiveCfg = Release|Any CPU
		{C22EC195-9CF8-4577-958A-C8A35F9D206E}.Release|Any CPU.Build.0 = Release|Any CPU
		{DD70F903-290A-4BA8-AB01-A4B64B5A4ED2}.Debug|Any CPU.ActiveCfg = Debug|Any CPU
		{DD70F903-290A-4BA8-AB01-A4B64B5A4ED2}.Debug|Any CPU.Build.0 = Debug|Any CPU
		{DD70F903-290A-4BA8-AB01-A4B64B5A4ED2}.Release|Any CPU.ActiveCfg = Release|Any CPU
		{DD70F903-290A-4BA8-AB01-A4B64B5A4ED2}.Release|Any CPU.Build.0 = Release|Any CPU
		{7CE71650-C95B-46CC-90E9-A496B32E6DB3}.Debug|Any CPU.ActiveCfg = Debug|Any CPU
		{7CE71650-C95B-46CC-90E9-A496B32E6DB3}.Debug|Any CPU.Build.0 = Debug|Any CPU
		{7CE71650-C95B-46CC-90E9-A496B32E6DB3}.Release|Any CPU.ActiveCfg = Release|Any CPU
		{7CE71650-C95B-46CC-90E9-A496B32E6DB3}.Release|Any CPU.Build.0 = Release|Any CPU
		{DA7A8724-E15A-4894-B8E2-A955153AC27B}.Debug|Any CPU.ActiveCfg = Debug|Any CPU
		{DA7A8724-E15A-4894-B8E2-A955153AC27B}.Debug|Any CPU.Build.0 = Debug|Any CPU
		{DA7A8724-E15A-4894-B8E2-A955153AC27B}.Release|Any CPU.ActiveCfg = Release|Any CPU
		{DA7A8724-E15A-4894-B8E2-A955153AC27B}.Release|Any CPU.Build.0 = Release|Any CPU
		{E08A1284-B810-4DCA-AA12-2B3D487CF23F}.Debug|Any CPU.ActiveCfg = Debug|Any CPU
		{E08A1284-B810-4DCA-AA12-2B3D487CF23F}.Debug|Any CPU.Build.0 = Debug|Any CPU
		{E08A1284-B810-4DCA-AA12-2B3D487CF23F}.Release|Any CPU.ActiveCfg = Release|Any CPU
		{E08A1284-B810-4DCA-AA12-2B3D487CF23F}.Release|Any CPU.Build.0 = Release|Any CPU
		{1D8020DA-683D-461D-9A4C-1178844F8AEE}.Debug|Any CPU.ActiveCfg = Debug|Any CPU
		{1D8020DA-683D-461D-9A4C-1178844F8AEE}.Debug|Any CPU.Build.0 = Debug|Any CPU
		{1D8020DA-683D-461D-9A4C-1178844F8AEE}.Release|Any CPU.ActiveCfg = Release|Any CPU
		{1D8020DA-683D-461D-9A4C-1178844F8AEE}.Release|Any CPU.Build.0 = Release|Any CPU
		{B93310F6-6DC0-4BEC-9FF6-61DA101BC58A}.Debug|Any CPU.ActiveCfg = Debug|Any CPU
		{B93310F6-6DC0-4BEC-9FF6-61DA101BC58A}.Debug|Any CPU.Build.0 = Debug|Any CPU
		{B93310F6-6DC0-4BEC-9FF6-61DA101BC58A}.Release|Any CPU.ActiveCfg = Release|Any CPU
		{B93310F6-6DC0-4BEC-9FF6-61DA101BC58A}.Release|Any CPU.Build.0 = Release|Any CPU
		{146F9B5E-32F9-47A4-AF6B-11723DF22929}.Debug|Any CPU.ActiveCfg = Debug|Any CPU
		{146F9B5E-32F9-47A4-AF6B-11723DF22929}.Debug|Any CPU.Build.0 = Debug|Any CPU
		{146F9B5E-32F9-47A4-AF6B-11723DF22929}.Release|Any CPU.ActiveCfg = Release|Any CPU
		{146F9B5E-32F9-47A4-AF6B-11723DF22929}.Release|Any CPU.Build.0 = Release|Any CPU
		{B8EC174F-2C5E-449D-8827-05F719E80BA8}.Debug|Any CPU.ActiveCfg = Debug|Any CPU
		{B8EC174F-2C5E-449D-8827-05F719E80BA8}.Debug|Any CPU.Build.0 = Debug|Any CPU
		{B8EC174F-2C5E-449D-8827-05F719E80BA8}.Release|Any CPU.ActiveCfg = Release|Any CPU
		{B8EC174F-2C5E-449D-8827-05F719E80BA8}.Release|Any CPU.Build.0 = Release|Any CPU
		{7E01C17A-4D2E-4E6B-9DBA-B2216CD763D2}.Debug|Any CPU.ActiveCfg = Debug|Any CPU
		{7E01C17A-4D2E-4E6B-9DBA-B2216CD763D2}.Debug|Any CPU.Build.0 = Debug|Any CPU
		{7E01C17A-4D2E-4E6B-9DBA-B2216CD763D2}.Release|Any CPU.ActiveCfg = Release|Any CPU
		{7E01C17A-4D2E-4E6B-9DBA-B2216CD763D2}.Release|Any CPU.Build.0 = Release|Any CPU
		{7E456C9D-0E72-4AF8-B995-373F8BEAEECC}.Debug|Any CPU.ActiveCfg = Debug|Any CPU
		{7E456C9D-0E72-4AF8-B995-373F8BEAEECC}.Debug|Any CPU.Build.0 = Debug|Any CPU
		{7E456C9D-0E72-4AF8-B995-373F8BEAEECC}.Release|Any CPU.ActiveCfg = Release|Any CPU
		{7E456C9D-0E72-4AF8-B995-373F8BEAEECC}.Release|Any CPU.Build.0 = Release|Any CPU
		{600CF0B9-782D-4B22-88CA-776DF4E6419F}.Debug|Any CPU.ActiveCfg = Debug|Any CPU
		{600CF0B9-782D-4B22-88CA-776DF4E6419F}.Debug|Any CPU.Build.0 = Debug|Any CPU
		{600CF0B9-782D-4B22-88CA-776DF4E6419F}.Release|Any CPU.ActiveCfg = Release|Any CPU
		{600CF0B9-782D-4B22-88CA-776DF4E6419F}.Release|Any CPU.Build.0 = Release|Any CPU
		{07204A50-E31E-46C1-AA6C-4F5FCA567EB9}.Debug|Any CPU.ActiveCfg = Debug|Any CPU
		{07204A50-E31E-46C1-AA6C-4F5FCA567EB9}.Debug|Any CPU.Build.0 = Debug|Any CPU
		{07204A50-E31E-46C1-AA6C-4F5FCA567EB9}.Release|Any CPU.ActiveCfg = Release|Any CPU
		{07204A50-E31E-46C1-AA6C-4F5FCA567EB9}.Release|Any CPU.Build.0 = Release|Any CPU
	EndGlobalSection
	GlobalSection(SolutionProperties) = preSolution
		HideSolutionNode = FALSE
	EndGlobalSection
	GlobalSection(NestedProjects) = preSolution
		{246CF458-4C68-4BFC-BE92-8D5EED1C5599} = {CD6D65B7-01A9-4F74-935F-3430AA967B5E}
		{2BF3EEBD-654B-4BD9-A2EE-A117BF8A7588} = {246CF458-4C68-4BFC-BE92-8D5EED1C5599}
		{4AF70B91-3327-4FF5-947E-602D0CE41C9F} = {246CF458-4C68-4BFC-BE92-8D5EED1C5599}
		{F13B9F22-B2C1-4F3D-B59E-2793DDF4A511} = {246CF458-4C68-4BFC-BE92-8D5EED1C5599}
		{C22EC195-9CF8-4577-958A-C8A35F9D206E} = {246CF458-4C68-4BFC-BE92-8D5EED1C5599}
		{098C06A2-87B8-4232-A75C-717481EE50E2} = {CD6D65B7-01A9-4F74-935F-3430AA967B5E}
		{DD70F903-290A-4BA8-AB01-A4B64B5A4ED2} = {098C06A2-87B8-4232-A75C-717481EE50E2}
		{7CE71650-C95B-46CC-90E9-A496B32E6DB3} = {098C06A2-87B8-4232-A75C-717481EE50E2}
		{DA7A8724-E15A-4894-B8E2-A955153AC27B} = {098C06A2-87B8-4232-A75C-717481EE50E2}
		{E08A1284-B810-4DCA-AA12-2B3D487CF23F} = {098C06A2-87B8-4232-A75C-717481EE50E2}
		{B36A1B5F-EC77-4070-BB87-DD92F38F5354} = {CD6D65B7-01A9-4F74-935F-3430AA967B5E}
		{1D8020DA-683D-461D-9A4C-1178844F8AEE} = {B36A1B5F-EC77-4070-BB87-DD92F38F5354}
		{B93310F6-6DC0-4BEC-9FF6-61DA101BC58A} = {B36A1B5F-EC77-4070-BB87-DD92F38F5354}
		{146F9B5E-32F9-47A4-AF6B-11723DF22929} = {B36A1B5F-EC77-4070-BB87-DD92F38F5354}
		{B8EC174F-2C5E-449D-8827-05F719E80BA8} = {B36A1B5F-EC77-4070-BB87-DD92F38F5354}
		{E3B9274E-CFA7-4E7F-90D9-782C99ED2E60} = {CD6D65B7-01A9-4F74-935F-3430AA967B5E}
		{7E01C17A-4D2E-4E6B-9DBA-B2216CD763D2} = {E3B9274E-CFA7-4E7F-90D9-782C99ED2E60}
		{7E456C9D-0E72-4AF8-B995-373F8BEAEECC} = {E3B9274E-CFA7-4E7F-90D9-782C99ED2E60}
		{600CF0B9-782D-4B22-88CA-776DF4E6419F} = {E3B9274E-CFA7-4E7F-90D9-782C99ED2E60}
		{07204A50-E31E-46C1-AA6C-4F5FCA567EB9} = {E3B9274E-CFA7-4E7F-90D9-782C99ED2E60}
	EndGlobalSection
	GlobalSection(ExtensibilityGlobals) = postSolution
		SolutionGuid = {9375F949-4FA0-4103-A8F0-2B8DF49DA74B}
	EndGlobalSection
EndGlobal
