
Microsoft Visual Studio Solution File, Format Version 12.00
# Visual Studio Version 16
VisualStudioVersion = 16.0.29709.97
MinimumVisualStudioVersion = 10.0.40219.1
Project("{FAE04EC0-301F-11D3-BF4B-00C04F79EFBC}") = "Ecommerce.IOC", "Ecommerce.IOC\Ecommerce.IOC.csproj", "{FE174362-14B4-4C97-90B3-E57C3F42B149}"
EndProject
Project("{2150E333-8FDC-42A3-9474-1A3956D46DE8}") = "Microservices", "Microservices", "{AB6CAD86-DAAA-4504-A04B-A7C176C857F5}"
EndProject
Project("{2150E333-8FDC-42A3-9474-1A3956D46DE8}") = "User", "User", "{77B4E672-6786-46D0-96A2-02492512237B}"
EndProject
Project("{FAE04EC0-301F-11D3-BF4B-00C04F79EFBC}") = "User.Api", "User.Api\User.Api.csproj", "{E95B00B7-868F-4BAB-92D4-B3ED14DF9959}"
EndProject
Project("{FAE04EC0-301F-11D3-BF4B-00C04F79EFBC}") = "User.Domain", "User.Domain\User.Domain.csproj", "{CAC156DB-7E83-4F2E-86A1-B99EAC372665}"
EndProject
Project("{FAE04EC0-301F-11D3-BF4B-00C04F79EFBC}") = "User.Data", "User.Data\User.Data.csproj", "{2E246796-A5CA-49B0-8014-AD57F610B9CF}"
EndProject
Project("{FAE04EC0-301F-11D3-BF4B-00C04F79EFBC}") = "User.SharedDTO", "User.SharedDTO\User.SharedDTO.csproj", "{67B611AD-4710-47B8-B7FD-055ECE446496}"
EndProject
Project("{2150E333-8FDC-42A3-9474-1A3956D46DE8}") = "IOC", "IOC", "{389E006A-AEAF-48A3-B0B3-3726D301DF5A}"
EndProject
Project("{2150E333-8FDC-42A3-9474-1A3956D46DE8}") = "APi", "APi", "{9FD50245-A77C-4B02-85D2-1412033AC5B9}"
EndProject
Project("{2150E333-8FDC-42A3-9474-1A3956D46DE8}") = "Data", "Data", "{8F1EBC2C-3414-4B3C-BA72-DD33B244F185}"
EndProject
Project("{2150E333-8FDC-42A3-9474-1A3956D46DE8}") = "Domain", "Domain", "{8CD4592E-4FC5-48CB-9C41-EF7306D44A1D}"
EndProject
Project("{2150E333-8FDC-42A3-9474-1A3956D46DE8}") = "SharedDtos", "SharedDtos", "{2D5331DD-90BB-4297-A553-5ACE37F003BA}"
EndProject
Global
	GlobalSection(SolutionConfigurationPlatforms) = preSolution
		Debug|Any CPU = Debug|Any CPU
		Release|Any CPU = Release|Any CPU
	EndGlobalSection
	GlobalSection(ProjectConfigurationPlatforms) = postSolution
		{FE174362-14B4-4C97-90B3-E57C3F42B149}.Debug|Any CPU.ActiveCfg = Debug|Any CPU
		{FE174362-14B4-4C97-90B3-E57C3F42B149}.Debug|Any CPU.Build.0 = Debug|Any CPU
		{FE174362-14B4-4C97-90B3-E57C3F42B149}.Release|Any CPU.ActiveCfg = Release|Any CPU
		{FE174362-14B4-4C97-90B3-E57C3F42B149}.Release|Any CPU.Build.0 = Release|Any CPU
		{E95B00B7-868F-4BAB-92D4-B3ED14DF9959}.Debug|Any CPU.ActiveCfg = Debug|Any CPU
		{E95B00B7-868F-4BAB-92D4-B3ED14DF9959}.Debug|Any CPU.Build.0 = Debug|Any CPU
		{E95B00B7-868F-4BAB-92D4-B3ED14DF9959}.Release|Any CPU.ActiveCfg = Release|Any CPU
		{E95B00B7-868F-4BAB-92D4-B3ED14DF9959}.Release|Any CPU.Build.0 = Release|Any CPU
		{CAC156DB-7E83-4F2E-86A1-B99EAC372665}.Debug|Any CPU.ActiveCfg = Debug|Any CPU
		{CAC156DB-7E83-4F2E-86A1-B99EAC372665}.Debug|Any CPU.Build.0 = Debug|Any CPU
		{CAC156DB-7E83-4F2E-86A1-B99EAC372665}.Release|Any CPU.ActiveCfg = Release|Any CPU
		{CAC156DB-7E83-4F2E-86A1-B99EAC372665}.Release|Any CPU.Build.0 = Release|Any CPU
		{2E246796-A5CA-49B0-8014-AD57F610B9CF}.Debug|Any CPU.ActiveCfg = Debug|Any CPU
		{2E246796-A5CA-49B0-8014-AD57F610B9CF}.Debug|Any CPU.Build.0 = Debug|Any CPU
		{2E246796-A5CA-49B0-8014-AD57F610B9CF}.Release|Any CPU.ActiveCfg = Release|Any CPU
		{2E246796-A5CA-49B0-8014-AD57F610B9CF}.Release|Any CPU.Build.0 = Release|Any CPU
		{67B611AD-4710-47B8-B7FD-055ECE446496}.Debug|Any CPU.ActiveCfg = Debug|Any CPU
		{67B611AD-4710-47B8-B7FD-055ECE446496}.Debug|Any CPU.Build.0 = Debug|Any CPU
		{67B611AD-4710-47B8-B7FD-055ECE446496}.Release|Any CPU.ActiveCfg = Release|Any CPU
		{67B611AD-4710-47B8-B7FD-055ECE446496}.Release|Any CPU.Build.0 = Release|Any CPU
	EndGlobalSection
	GlobalSection(SolutionProperties) = preSolution
		HideSolutionNode = FALSE
	EndGlobalSection
	GlobalSection(NestedProjects) = preSolution
		{FE174362-14B4-4C97-90B3-E57C3F42B149} = {389E006A-AEAF-48A3-B0B3-3726D301DF5A}
		{77B4E672-6786-46D0-96A2-02492512237B} = {AB6CAD86-DAAA-4504-A04B-A7C176C857F5}
		{E95B00B7-868F-4BAB-92D4-B3ED14DF9959} = {9FD50245-A77C-4B02-85D2-1412033AC5B9}
		{CAC156DB-7E83-4F2E-86A1-B99EAC372665} = {8CD4592E-4FC5-48CB-9C41-EF7306D44A1D}
		{2E246796-A5CA-49B0-8014-AD57F610B9CF} = {8F1EBC2C-3414-4B3C-BA72-DD33B244F185}
		{67B611AD-4710-47B8-B7FD-055ECE446496} = {2D5331DD-90BB-4297-A553-5ACE37F003BA}
		{9FD50245-A77C-4B02-85D2-1412033AC5B9} = {77B4E672-6786-46D0-96A2-02492512237B}
		{8F1EBC2C-3414-4B3C-BA72-DD33B244F185} = {77B4E672-6786-46D0-96A2-02492512237B}
		{8CD4592E-4FC5-48CB-9C41-EF7306D44A1D} = {77B4E672-6786-46D0-96A2-02492512237B}
		{2D5331DD-90BB-4297-A553-5ACE37F003BA} = {77B4E672-6786-46D0-96A2-02492512237B}
	EndGlobalSection
	GlobalSection(ExtensibilityGlobals) = postSolution
		SolutionGuid = {9375F949-4FA0-4103-A8F0-2B8DF49DA74B}
	EndGlobalSection
EndGlobal
