
Microsoft Visual Studio Solution File, Format Version 12.00
# Visual Studio Version 16
VisualStudioVersion = 16.0.29709.97
MinimumVisualStudioVersion = 10.0.40219.1
Project("{9A19103F-16F7-4668-BE54-9A1E7A4F7556}") = "Ecommerce.IOC", "Ecommerce.IOC\Ecommerce.IOC.csproj", "{FE174362-14B4-4C97-90B3-E57C3F42B149}"
EndProject
Project("{2150E333-8FDC-42A3-9474-1A3956D46DE8}") = "Microservices", "Microservices", "{AB6CAD86-DAAA-4504-A04B-A7C176C857F5}"
EndProject
Project("{2150E333-8FDC-42A3-9474-1A3956D46DE8}") = "User", "User", "{77B4E672-6786-46D0-96A2-02492512237B}"
EndProject
Project("{9A19103F-16F7-4668-BE54-9A1E7A4F7556}") = "User.Domain", "User.Domain\User.Domain.csproj", "{CAC156DB-7E83-4F2E-86A1-B99EAC372665}"
EndProject
Project("{9A19103F-16F7-4668-BE54-9A1E7A4F7556}") = "User.Data", "User.Data\User.Data.csproj", "{2E246796-A5CA-49B0-8014-AD57F610B9CF}"
EndProject
Project("{9A19103F-16F7-4668-BE54-9A1E7A4F7556}") = "User.SharedDTO", "User.SharedDTO\User.SharedDTO.csproj", "{67B611AD-4710-47B8-B7FD-055ECE446496}"
EndProject
Project("{2150E333-8FDC-42A3-9474-1A3956D46DE8}") = "IOC", "IOC", "{389E006A-AEAF-48A3-B0B3-3726D301DF5A}"
EndProject
Project("{2150E333-8FDC-42A3-9474-1A3956D46DE8}") = "APi", "APi", "{9FD50245-A77C-4B02-85D2-1412033AC5B9}"
EndProject
Project("{2150E333-8FDC-42A3-9474-1A3956D46DE8}") = "Data", "Data", "{8F1EBC2C-3414-4B3C-BA72-DD33B244F185}"
EndProject
Project("{2150E333-8FDC-42A3-9474-1A3956D46DE8}") = "Domain", "Domain", "{8CD4592E-4FC5-48CB-9C41-EF7306D44A1D}"
EndProject
Project("{2150E333-8FDC-42A3-9474-1A3956D46DE8}") = "SharedDtos", "SharedDtos", "{2D5331DD-90BB-4297-A553-5ACE37F003BA}"
EndProject
Project("{2150E333-8FDC-42A3-9474-1A3956D46DE8}") = "Product", "Product", "{420ADD58-75BA-48C3-A5DB-680AEC448501}"
EndProject
Project("{2150E333-8FDC-42A3-9474-1A3956D46DE8}") = "Api", "Api", "{600B8256-087B-47D1-B7A5-982B399354F3}"
EndProject
Project("{2150E333-8FDC-42A3-9474-1A3956D46DE8}") = "Data", "Data", "{7D4DDD24-7EB6-456E-B820-5F8D93AEE4E2}"
EndProject
Project("{2150E333-8FDC-42A3-9474-1A3956D46DE8}") = "Domain", "Domain", "{45A8F556-C28E-4061-8984-11B6A31A6A61}"
EndProject
Project("{2150E333-8FDC-42A3-9474-1A3956D46DE8}") = "SharedDTOs", "SharedDTOs", "{CC8A0BB6-1ED4-4451-91DD-1B1C2A93DD25}"
EndProject
Project("{9A19103F-16F7-4668-BE54-9A1E7A4F7556}") = "Product.Api", "Product.Api\Product.Api.csproj", "{DF552D0D-BEB3-4C35-950D-A7A646D6AEA7}"
EndProject
Project("{9A19103F-16F7-4668-BE54-9A1E7A4F7556}") = "Product.Data", "Product.Data\Product.Data.csproj", "{D50B654C-9341-4803-B341-D8499E25EC2B}"
EndProject
Project("{9A19103F-16F7-4668-BE54-9A1E7A4F7556}") = "Product.Domain", "Product.Domain\Product.Domain.csproj", "{25992557-21ED-4964-8344-54AF1A6446BD}"
EndProject
Project("{9A19103F-16F7-4668-BE54-9A1E7A4F7556}") = "Product.SharedDTO", "Product.SharedDTO\Product.SharedDTO.csproj", "{8A92B0D3-551F-4741-87FD-C9FC43970DC3}"
EndProject
Project("{2150E333-8FDC-42A3-9474-1A3956D46DE8}") = "Cart", "Cart", "{BDC98AAD-B18F-4BBB-8F41-A4AE95A8F18F}"
EndProject
Project("{2150E333-8FDC-42A3-9474-1A3956D46DE8}") = "Order", "Order", "{B2DDCBDE-C986-4A8C-A623-BE543BCC7269}"
EndProject
Project("{2150E333-8FDC-42A3-9474-1A3956D46DE8}") = "Application", "Application", "{5BDF2D45-93A6-4717-9396-31C078D9F051}"
EndProject
Project("{9A19103F-16F7-4668-BE54-9A1E7A4F7556}") = "User.Application", "User.Application\User.Application.csproj", "{FF04ED19-5619-49AB-9EA6-6EF3E261132E}"
EndProject
Project("{2150E333-8FDC-42A3-9474-1A3956D46DE8}") = "Application", "Application", "{D4CAF25C-9FFE-4918-9DEB-9C4E0D9E903B}"
EndProject
Project("{9A19103F-16F7-4668-BE54-9A1E7A4F7556}") = "Product.Application", "Product.Application\Product.Application.csproj", "{560EEAFD-3C7B-4115-8E47-E70BE4F13250}"
EndProject
Project("{2150E333-8FDC-42A3-9474-1A3956D46DE8}") = "Api", "Api", "{837E4607-509B-4499-BC97-C2CBD9F54C98}"
EndProject
Project("{2150E333-8FDC-42A3-9474-1A3956D46DE8}") = "Application", "Application", "{64586FCA-54DE-45EE-81FB-A867EC8D45BC}"
EndProject
Project("{2150E333-8FDC-42A3-9474-1A3956D46DE8}") = "Data", "Data", "{7AD3FDF4-A08C-4787-9843-BEE17852B94A}"
EndProject
Project("{2150E333-8FDC-42A3-9474-1A3956D46DE8}") = "Domain", "Domain", "{D87880F0-A00C-494F-B08C-A530601CE13B}"
EndProject
Project("{2150E333-8FDC-42A3-9474-1A3956D46DE8}") = "Shared", "Shared", "{B7F5132D-ACCB-4DE1-92FC-A3164E43617E}"
EndProject
Project("{9A19103F-16F7-4668-BE54-9A1E7A4F7556}") = "Cart.Api", "Cart.Api\Cart.Api.csproj", "{2834E65A-FE3F-4DEF-8E66-7D5153ABEAFE}"
EndProject
Project("{9A19103F-16F7-4668-BE54-9A1E7A4F7556}") = "Cart.Application", "Cart.Application\Cart.Application.csproj", "{3300BD50-515A-4147-8ADF-3B336359867F}"
EndProject
Project("{9A19103F-16F7-4668-BE54-9A1E7A4F7556}") = "Cart.Data", "Cart.Data\Cart.Data.csproj", "{2881AD70-05CB-473A-92C3-4470AD28CD5C}"
EndProject
Project("{9A19103F-16F7-4668-BE54-9A1E7A4F7556}") = "Cart.Domain", "Cart.Domain\Cart.Domain.csproj", "{7BC549ED-3413-42E3-BB2A-9D146B1F8B20}"
EndProject
Project("{9A19103F-16F7-4668-BE54-9A1E7A4F7556}") = "Cart.SharedDTOs", "Cart.SharedDTOs\Cart.SharedDTOs.csproj", "{0EBC99DE-A447-4B9F-8DBA-6890EA96CA6A}"
EndProject
Project("{9A19103F-16F7-4668-BE54-9A1E7A4F7556}") = "MicroRabbit.Domain.Core", "MicroRabbit.Domain.Core\MicroRabbit.Domain.Core.csproj", "{C7D7CBF9-EB41-4244-B7A0-EFAA3DEDB9F8}"
EndProject
Project("{9A19103F-16F7-4668-BE54-9A1E7A4F7556}") = "MicroRabbit.Infra.Bus", "MicroRabbit.Infra.Bus\MicroRabbit.Infra.Bus.csproj", "{4F621726-28F8-4F2B-8369-A33D301B3207}"
EndProject
Project("{2150E333-8FDC-42A3-9474-1A3956D46DE8}") = "Core", "Core", "{B9D28C80-1815-4EE9-B208-58C86FC59187}"
EndProject
Project("{2150E333-8FDC-42A3-9474-1A3956D46DE8}") = "Bus", "Bus", "{F3FC86E8-6297-4996-9951-0CF58F44FA51}"
EndProject
Project("{2150E333-8FDC-42A3-9474-1A3956D46DE8}") = "ApiGateway", "ApiGateway", "{AF47CFC8-E52B-407C-B21E-9ADDE29A1FC6}"
EndProject
Project("{9A19103F-16F7-4668-BE54-9A1E7A4F7556}") = "Ecommerce.ApiGateway", "Ecommerce.ApiGateway\Ecommerce.ApiGateway.csproj", "{11CC6F50-3194-4D6C-8A78-4427AFBC796A}"
EndProject
Project("{FAE04EC0-301F-11D3-BF4B-00C04F79EFBC}") = "User.Api", "User.Api\User.Api.csproj", "{5F4C8988-641E-4FB9-813A-D0706BACE57E}"
EndProject
Global
	GlobalSection(SolutionConfigurationPlatforms) = preSolution
		Debug|Any CPU = Debug|Any CPU
		Release|Any CPU = Release|Any CPU
	EndGlobalSection
	GlobalSection(ProjectConfigurationPlatforms) = postSolution
		{FE174362-14B4-4C97-90B3-E57C3F42B149}.Debug|Any CPU.ActiveCfg = Debug|Any CPU
		{FE174362-14B4-4C97-90B3-E57C3F42B149}.Debug|Any CPU.Build.0 = Debug|Any CPU
		{FE174362-14B4-4C97-90B3-E57C3F42B149}.Release|Any CPU.ActiveCfg = Release|Any CPU
		{FE174362-14B4-4C97-90B3-E57C3F42B149}.Release|Any CPU.Build.0 = Release|Any CPU
		{CAC156DB-7E83-4F2E-86A1-B99EAC372665}.Debug|Any CPU.ActiveCfg = Debug|Any CPU
		{CAC156DB-7E83-4F2E-86A1-B99EAC372665}.Debug|Any CPU.Build.0 = Debug|Any CPU
		{CAC156DB-7E83-4F2E-86A1-B99EAC372665}.Release|Any CPU.ActiveCfg = Release|Any CPU
		{CAC156DB-7E83-4F2E-86A1-B99EAC372665}.Release|Any CPU.Build.0 = Release|Any CPU
		{2E246796-A5CA-49B0-8014-AD57F610B9CF}.Debug|Any CPU.ActiveCfg = Debug|Any CPU
		{2E246796-A5CA-49B0-8014-AD57F610B9CF}.Debug|Any CPU.Build.0 = Debug|Any CPU
		{2E246796-A5CA-49B0-8014-AD57F610B9CF}.Release|Any CPU.ActiveCfg = Release|Any CPU
		{2E246796-A5CA-49B0-8014-AD57F610B9CF}.Release|Any CPU.Build.0 = Release|Any CPU
		{67B611AD-4710-47B8-B7FD-055ECE446496}.Debug|Any CPU.ActiveCfg = Debug|Any CPU
		{67B611AD-4710-47B8-B7FD-055ECE446496}.Debug|Any CPU.Build.0 = Debug|Any CPU
		{67B611AD-4710-47B8-B7FD-055ECE446496}.Release|Any CPU.ActiveCfg = Release|Any CPU
		{67B611AD-4710-47B8-B7FD-055ECE446496}.Release|Any CPU.Build.0 = Release|Any CPU
		{DF552D0D-BEB3-4C35-950D-A7A646D6AEA7}.Debug|Any CPU.ActiveCfg = Debug|Any CPU
		{DF552D0D-BEB3-4C35-950D-A7A646D6AEA7}.Debug|Any CPU.Build.0 = Debug|Any CPU
		{DF552D0D-BEB3-4C35-950D-A7A646D6AEA7}.Release|Any CPU.ActiveCfg = Release|Any CPU
		{DF552D0D-BEB3-4C35-950D-A7A646D6AEA7}.Release|Any CPU.Build.0 = Release|Any CPU
		{D50B654C-9341-4803-B341-D8499E25EC2B}.Debug|Any CPU.ActiveCfg = Debug|Any CPU
		{D50B654C-9341-4803-B341-D8499E25EC2B}.Debug|Any CPU.Build.0 = Debug|Any CPU
		{D50B654C-9341-4803-B341-D8499E25EC2B}.Release|Any CPU.ActiveCfg = Release|Any CPU
		{D50B654C-9341-4803-B341-D8499E25EC2B}.Release|Any CPU.Build.0 = Release|Any CPU
		{25992557-21ED-4964-8344-54AF1A6446BD}.Debug|Any CPU.ActiveCfg = Debug|Any CPU
		{25992557-21ED-4964-8344-54AF1A6446BD}.Debug|Any CPU.Build.0 = Debug|Any CPU
		{25992557-21ED-4964-8344-54AF1A6446BD}.Release|Any CPU.ActiveCfg = Release|Any CPU
		{25992557-21ED-4964-8344-54AF1A6446BD}.Release|Any CPU.Build.0 = Release|Any CPU
		{8A92B0D3-551F-4741-87FD-C9FC43970DC3}.Debug|Any CPU.ActiveCfg = Debug|Any CPU
		{8A92B0D3-551F-4741-87FD-C9FC43970DC3}.Debug|Any CPU.Build.0 = Debug|Any CPU
		{8A92B0D3-551F-4741-87FD-C9FC43970DC3}.Release|Any CPU.ActiveCfg = Release|Any CPU
		{8A92B0D3-551F-4741-87FD-C9FC43970DC3}.Release|Any CPU.Build.0 = Release|Any CPU
		{FF04ED19-5619-49AB-9EA6-6EF3E261132E}.Debug|Any CPU.ActiveCfg = Debug|Any CPU
		{FF04ED19-5619-49AB-9EA6-6EF3E261132E}.Debug|Any CPU.Build.0 = Debug|Any CPU
		{FF04ED19-5619-49AB-9EA6-6EF3E261132E}.Release|Any CPU.ActiveCfg = Release|Any CPU
		{FF04ED19-5619-49AB-9EA6-6EF3E261132E}.Release|Any CPU.Build.0 = Release|Any CPU
		{560EEAFD-3C7B-4115-8E47-E70BE4F13250}.Debug|Any CPU.ActiveCfg = Debug|Any CPU
		{560EEAFD-3C7B-4115-8E47-E70BE4F13250}.Debug|Any CPU.Build.0 = Debug|Any CPU
		{560EEAFD-3C7B-4115-8E47-E70BE4F13250}.Release|Any CPU.ActiveCfg = Release|Any CPU
		{560EEAFD-3C7B-4115-8E47-E70BE4F13250}.Release|Any CPU.Build.0 = Release|Any CPU
		{2834E65A-FE3F-4DEF-8E66-7D5153ABEAFE}.Debug|Any CPU.ActiveCfg = Debug|Any CPU
		{2834E65A-FE3F-4DEF-8E66-7D5153ABEAFE}.Debug|Any CPU.Build.0 = Debug|Any CPU
		{2834E65A-FE3F-4DEF-8E66-7D5153ABEAFE}.Release|Any CPU.ActiveCfg = Release|Any CPU
		{2834E65A-FE3F-4DEF-8E66-7D5153ABEAFE}.Release|Any CPU.Build.0 = Release|Any CPU
		{3300BD50-515A-4147-8ADF-3B336359867F}.Debug|Any CPU.ActiveCfg = Debug|Any CPU
		{3300BD50-515A-4147-8ADF-3B336359867F}.Debug|Any CPU.Build.0 = Debug|Any CPU
		{3300BD50-515A-4147-8ADF-3B336359867F}.Release|Any CPU.ActiveCfg = Release|Any CPU
		{3300BD50-515A-4147-8ADF-3B336359867F}.Release|Any CPU.Build.0 = Release|Any CPU
		{2881AD70-05CB-473A-92C3-4470AD28CD5C}.Debug|Any CPU.ActiveCfg = Debug|Any CPU
		{2881AD70-05CB-473A-92C3-4470AD28CD5C}.Debug|Any CPU.Build.0 = Debug|Any CPU
		{2881AD70-05CB-473A-92C3-4470AD28CD5C}.Release|Any CPU.ActiveCfg = Release|Any CPU
		{2881AD70-05CB-473A-92C3-4470AD28CD5C}.Release|Any CPU.Build.0 = Release|Any CPU
		{7BC549ED-3413-42E3-BB2A-9D146B1F8B20}.Debug|Any CPU.ActiveCfg = Debug|Any CPU
		{7BC549ED-3413-42E3-BB2A-9D146B1F8B20}.Debug|Any CPU.Build.0 = Debug|Any CPU
		{7BC549ED-3413-42E3-BB2A-9D146B1F8B20}.Release|Any CPU.ActiveCfg = Release|Any CPU
		{7BC549ED-3413-42E3-BB2A-9D146B1F8B20}.Release|Any CPU.Build.0 = Release|Any CPU
		{0EBC99DE-A447-4B9F-8DBA-6890EA96CA6A}.Debug|Any CPU.ActiveCfg = Debug|Any CPU
		{0EBC99DE-A447-4B9F-8DBA-6890EA96CA6A}.Debug|Any CPU.Build.0 = Debug|Any CPU
		{0EBC99DE-A447-4B9F-8DBA-6890EA96CA6A}.Release|Any CPU.ActiveCfg = Release|Any CPU
		{0EBC99DE-A447-4B9F-8DBA-6890EA96CA6A}.Release|Any CPU.Build.0 = Release|Any CPU
		{C7D7CBF9-EB41-4244-B7A0-EFAA3DEDB9F8}.Debug|Any CPU.ActiveCfg = Debug|Any CPU
		{C7D7CBF9-EB41-4244-B7A0-EFAA3DEDB9F8}.Debug|Any CPU.Build.0 = Debug|Any CPU
		{C7D7CBF9-EB41-4244-B7A0-EFAA3DEDB9F8}.Release|Any CPU.ActiveCfg = Release|Any CPU
		{C7D7CBF9-EB41-4244-B7A0-EFAA3DEDB9F8}.Release|Any CPU.Build.0 = Release|Any CPU
		{4F621726-28F8-4F2B-8369-A33D301B3207}.Debug|Any CPU.ActiveCfg = Debug|Any CPU
		{4F621726-28F8-4F2B-8369-A33D301B3207}.Debug|Any CPU.Build.0 = Debug|Any CPU
		{4F621726-28F8-4F2B-8369-A33D301B3207}.Release|Any CPU.ActiveCfg = Release|Any CPU
		{4F621726-28F8-4F2B-8369-A33D301B3207}.Release|Any CPU.Build.0 = Release|Any CPU
		{11CC6F50-3194-4D6C-8A78-4427AFBC796A}.Debug|Any CPU.ActiveCfg = Debug|Any CPU
		{11CC6F50-3194-4D6C-8A78-4427AFBC796A}.Debug|Any CPU.Build.0 = Debug|Any CPU
		{11CC6F50-3194-4D6C-8A78-4427AFBC796A}.Release|Any CPU.ActiveCfg = Release|Any CPU
		{11CC6F50-3194-4D6C-8A78-4427AFBC796A}.Release|Any CPU.Build.0 = Release|Any CPU
		{5F4C8988-641E-4FB9-813A-D0706BACE57E}.Debug|Any CPU.ActiveCfg = Debug|Any CPU
		{5F4C8988-641E-4FB9-813A-D0706BACE57E}.Debug|Any CPU.Build.0 = Debug|Any CPU
		{5F4C8988-641E-4FB9-813A-D0706BACE57E}.Release|Any CPU.ActiveCfg = Release|Any CPU
		{5F4C8988-641E-4FB9-813A-D0706BACE57E}.Release|Any CPU.Build.0 = Release|Any CPU
	EndGlobalSection
	GlobalSection(SolutionProperties) = preSolution
		HideSolutionNode = FALSE
	EndGlobalSection
	GlobalSection(NestedProjects) = preSolution
		{FE174362-14B4-4C97-90B3-E57C3F42B149} = {389E006A-AEAF-48A3-B0B3-3726D301DF5A}
		{77B4E672-6786-46D0-96A2-02492512237B} = {AB6CAD86-DAAA-4504-A04B-A7C176C857F5}
		{CAC156DB-7E83-4F2E-86A1-B99EAC372665} = {8CD4592E-4FC5-48CB-9C41-EF7306D44A1D}
		{2E246796-A5CA-49B0-8014-AD57F610B9CF} = {8F1EBC2C-3414-4B3C-BA72-DD33B244F185}
		{67B611AD-4710-47B8-B7FD-055ECE446496} = {2D5331DD-90BB-4297-A553-5ACE37F003BA}
		{9FD50245-A77C-4B02-85D2-1412033AC5B9} = {77B4E672-6786-46D0-96A2-02492512237B}
		{8F1EBC2C-3414-4B3C-BA72-DD33B244F185} = {77B4E672-6786-46D0-96A2-02492512237B}
		{8CD4592E-4FC5-48CB-9C41-EF7306D44A1D} = {77B4E672-6786-46D0-96A2-02492512237B}
		{2D5331DD-90BB-4297-A553-5ACE37F003BA} = {77B4E672-6786-46D0-96A2-02492512237B}
		{420ADD58-75BA-48C3-A5DB-680AEC448501} = {AB6CAD86-DAAA-4504-A04B-A7C176C857F5}
		{600B8256-087B-47D1-B7A5-982B399354F3} = {420ADD58-75BA-48C3-A5DB-680AEC448501}
		{7D4DDD24-7EB6-456E-B820-5F8D93AEE4E2} = {420ADD58-75BA-48C3-A5DB-680AEC448501}
		{45A8F556-C28E-4061-8984-11B6A31A6A61} = {420ADD58-75BA-48C3-A5DB-680AEC448501}
		{CC8A0BB6-1ED4-4451-91DD-1B1C2A93DD25} = {420ADD58-75BA-48C3-A5DB-680AEC448501}
		{DF552D0D-BEB3-4C35-950D-A7A646D6AEA7} = {600B8256-087B-47D1-B7A5-982B399354F3}
		{D50B654C-9341-4803-B341-D8499E25EC2B} = {7D4DDD24-7EB6-456E-B820-5F8D93AEE4E2}
		{25992557-21ED-4964-8344-54AF1A6446BD} = {45A8F556-C28E-4061-8984-11B6A31A6A61}
		{8A92B0D3-551F-4741-87FD-C9FC43970DC3} = {CC8A0BB6-1ED4-4451-91DD-1B1C2A93DD25}
		{BDC98AAD-B18F-4BBB-8F41-A4AE95A8F18F} = {AB6CAD86-DAAA-4504-A04B-A7C176C857F5}
		{B2DDCBDE-C986-4A8C-A623-BE543BCC7269} = {AB6CAD86-DAAA-4504-A04B-A7C176C857F5}
		{5BDF2D45-93A6-4717-9396-31C078D9F051} = {77B4E672-6786-46D0-96A2-02492512237B}
		{FF04ED19-5619-49AB-9EA6-6EF3E261132E} = {5BDF2D45-93A6-4717-9396-31C078D9F051}
		{D4CAF25C-9FFE-4918-9DEB-9C4E0D9E903B} = {420ADD58-75BA-48C3-A5DB-680AEC448501}
		{560EEAFD-3C7B-4115-8E47-E70BE4F13250} = {D4CAF25C-9FFE-4918-9DEB-9C4E0D9E903B}
		{837E4607-509B-4499-BC97-C2CBD9F54C98} = {BDC98AAD-B18F-4BBB-8F41-A4AE95A8F18F}
		{64586FCA-54DE-45EE-81FB-A867EC8D45BC} = {BDC98AAD-B18F-4BBB-8F41-A4AE95A8F18F}
		{7AD3FDF4-A08C-4787-9843-BEE17852B94A} = {BDC98AAD-B18F-4BBB-8F41-A4AE95A8F18F}
		{D87880F0-A00C-494F-B08C-A530601CE13B} = {BDC98AAD-B18F-4BBB-8F41-A4AE95A8F18F}
		{B7F5132D-ACCB-4DE1-92FC-A3164E43617E} = {BDC98AAD-B18F-4BBB-8F41-A4AE95A8F18F}
		{2834E65A-FE3F-4DEF-8E66-7D5153ABEAFE} = {837E4607-509B-4499-BC97-C2CBD9F54C98}
		{3300BD50-515A-4147-8ADF-3B336359867F} = {64586FCA-54DE-45EE-81FB-A867EC8D45BC}
		{2881AD70-05CB-473A-92C3-4470AD28CD5C} = {7AD3FDF4-A08C-4787-9843-BEE17852B94A}
		{7BC549ED-3413-42E3-BB2A-9D146B1F8B20} = {D87880F0-A00C-494F-B08C-A530601CE13B}
		{0EBC99DE-A447-4B9F-8DBA-6890EA96CA6A} = {B7F5132D-ACCB-4DE1-92FC-A3164E43617E}
		{C7D7CBF9-EB41-4244-B7A0-EFAA3DEDB9F8} = {B9D28C80-1815-4EE9-B208-58C86FC59187}
		{4F621726-28F8-4F2B-8369-A33D301B3207} = {F3FC86E8-6297-4996-9951-0CF58F44FA51}
		{11CC6F50-3194-4D6C-8A78-4427AFBC796A} = {AF47CFC8-E52B-407C-B21E-9ADDE29A1FC6}
		{5F4C8988-641E-4FB9-813A-D0706BACE57E} = {9FD50245-A77C-4B02-85D2-1412033AC5B9}
	EndGlobalSection
	GlobalSection(ExtensibilityGlobals) = postSolution
		SolutionGuid = {9375F949-4FA0-4103-A8F0-2B8DF49DA74B}
	EndGlobalSection
EndGlobal
